PODS:
  - KVOController (1.0.3)
  - Nimble (3.2.0)
  - Quick (0.6.0)

DEPENDENCIES:
  - KVOController (~> 1.x)
  - Nimble (~> 3.x)
  - Quick

SPEC CHECKSUMS:
  KVOController: 9fd8f0343670994e4b6f9f0b31f5a45663f3e1cf
  Nimble: 703854335d181df169bbca9c97117b5cf8c47c1d
  Quick: 563686dbcf0ae0f9f7401ac9cd2d786ee1b7f3d7

PODFILE CHECKSUM: d85440fe9457dddfcafb5d7e1388af149b865d93

COCOAPODS: 1.0.0
