// !$*UTF8*$!
{
	archiveVersion = 1;
	classes = {
	};
	objectVersion = 46;
	objects = {

/* Begin PBXBuildFile section */
		420190841C80B4BB00B70169 /* UINavigationBarSpec.swift in Sources */ = {isa = PBXBuildFile; fileRef = 420190831C80B4BB00B70169 /* UINavigationBarSpec.swift */; };
		420190861C80B60F00B70169 /* UINavigationBar.swift in Sources */ = {isa = PBXBuildFile; fileRef = 420190851C80B60F00B70169 /* UINavigationBar.swift */; };
		42087B221C9AE4B8000606A7 /* VirtualView.swift in Sources */ = {isa = PBXBuildFile; fileRef = 42087B211C9AE4B8000606A7 /* VirtualView.swift */; };
		4912E9821BEB905A00C0DA4A /* Background.swift in Sources */ = {isa = PBXBuildFile; fileRef = 4912E9811BEB905A00C0DA4A /* Background.swift */; };
		4912E9861BEB9A9800C0DA4A /* Gradient.swift in Sources */ = {isa = PBXBuildFile; fileRef = 4912E9851BEB9A9800C0DA4A /* Gradient.swift */; };
		4912E9881BEB9FB000C0DA4A /* CGPoint.swift in Sources */ = {isa = PBXBuildFile; fileRef = 4912E9871BEB9FB000C0DA4A /* CGPoint.swift */; };
		4912E98A1BEBA03C00C0DA4A /* UIColor.swift in Sources */ = {isa = PBXBuildFile; fileRef = 4912E9891BEBA03C00C0DA4A /* UIColor.swift */; };
		492C1B571BE0C9DF000515B9 /* UIControl.swift in Sources */ = {isa = PBXBuildFile; fileRef = 492C1B501BE0C9DF000515B9 /* UIControl.swift */; };
		492C1B591BE0C9DF000515B9 /* UISwitch.swift in Sources */ = {isa = PBXBuildFile; fileRef = 492C1B521BE0C9DF000515B9 /* UISwitch.swift */; };
		492C1B5A1BE0C9DF000515B9 /* UIView.swift in Sources */ = {isa = PBXBuildFile; fileRef = 492C1B531BE0C9DF000515B9 /* UIView.swift */; };
		492C1B5B1BE0C9DF000515B9 /* ViewStyleRenderer.swift in Sources */ = {isa = PBXBuildFile; fileRef = 492C1B561BE0C9DF000515B9 /* ViewStyleRenderer.swift */; };
		492C1B601BE0CA59000515B9 /* UILabelSpec.swift in Sources */ = {isa = PBXBuildFile; fileRef = 492C1B5E1BE0CA59000515B9 /* UILabelSpec.swift */; };
		492C1B611BE0CA59000515B9 /* UIViewSpec.swift in Sources */ = {isa = PBXBuildFile; fileRef = 492C1B5F1BE0CA59000515B9 /* UIViewSpec.swift */; };
		492C1B631BE0CAD0000515B9 /* UILabel.swift in Sources */ = {isa = PBXBuildFile; fileRef = 492C1B621BE0CAD0000515B9 /* UILabel.swift */; };
		495DE8FC1BA580D100DA97BF /* DictionarySpec.swift in Sources */ = {isa = PBXBuildFile; fileRef = 495DE8FB1BA580D100DA97BF /* DictionarySpec.swift */; };
		496D38A11CD8EDCB00C8B4EC /* UIColor.swift in Sources */ = {isa = PBXBuildFile; fileRef = 496D389A1CD8EDCB00C8B4EC /* UIColor.swift */; };
		496D38A21CD8EDCB00C8B4EC /* UIFont.swift in Sources */ = {isa = PBXBuildFile; fileRef = 496D389B1CD8EDCB00C8B4EC /* UIFont.swift */; };
		496D38A61CD8EE2800C8B4EC /* SampleTheme.swift in Sources */ = {isa = PBXBuildFile; fileRef = 496D38A51CD8EE2800C8B4EC /* SampleTheme.swift */; };
		4970A8171BD4459300BCB3BA /* Property.swift in Sources */ = {isa = PBXBuildFile; fileRef = 4970A8161BD4459300BCB3BA /* Property.swift */; };
		4970A81A1BD445DB00BCB3BA /* Border.swift in Sources */ = {isa = PBXBuildFile; fileRef = 4970A8191BD445DB00BCB3BA /* Border.swift */; };
		4970A81C1BD4484F00BCB3BA /* StyleSpec.swift in Sources */ = {isa = PBXBuildFile; fileRef = 4970A81B1BD4484F00BCB3BA /* StyleSpec.swift */; };
		498E05391B98362100B4E26B /* AppDelegate.swift in Sources */ = {isa = PBXBuildFile; fileRef = 498E05381B98362100B4E26B /* AppDelegate.swift */; };
		498E053B1B98362100B4E26B /* ViewController.swift in Sources */ = {isa = PBXBuildFile; fileRef = 498E053A1B98362100B4E26B /* ViewController.swift */; };
		498E053E1B98362100B4E26B /* Main.storyboard in Resources */ = {isa = PBXBuildFile; fileRef = 498E053C1B98362100B4E26B /* Main.storyboard */; };
		498E05401B98362100B4E26B /* Assets.xcassets in Resources */ = {isa = PBXBuildFile; fileRef = 498E053F1B98362100B4E26B /* Assets.xcassets */; };
		498E05431B98362100B4E26B /* LaunchScreen.storyboard in Resources */ = {isa = PBXBuildFile; fileRef = 498E05411B98362100B4E26B /* LaunchScreen.storyboard */; };
		49A4F5581C1A3C7600D2A392 /* StylePseudoState.swift in Sources */ = {isa = PBXBuildFile; fileRef = 49A4F5571C1A3C7600D2A392 /* StylePseudoState.swift */; };
		49B00DF01BF8EF3D0098FECE /* UIImage.swift in Sources */ = {isa = PBXBuildFile; fileRef = 49B00DEF1BF8EF3D0098FECE /* UIImage.swift */; };
		49B674BC1BEE814B007D1BE2 /* BackgroundRenderer.swift in Sources */ = {isa = PBXBuildFile; fileRef = 49B674BB1BEE814B007D1BE2 /* BackgroundRenderer.swift */; };
		49C306551CD8FD2900CABDF4 /* Gradient.swift in Sources */ = {isa = PBXBuildFile; fileRef = 49C306541CD8FD2900CABDF4 /* Gradient.swift */; };
		49C306581CD902EC00CABDF4 /* UIView+InterfaceBuilder.swift in Sources */ = {isa = PBXBuildFile; fileRef = 49C306571CD902EC00CABDF4 /* UIView+InterfaceBuilder.swift */; };
		49C8F7E91C1A33F400FF33DC /* StyleState.swift in Sources */ = {isa = PBXBuildFile; fileRef = 49C8F7E81C1A33F400FF33DC /* StyleState.swift */; };
		49CF5F971BA4835800216E6D /* Dictionary.swift in Sources */ = {isa = PBXBuildFile; fileRef = 49CF5F961BA4835800216E6D /* Dictionary.swift */; };
		49CF5F991BA4866B00216E6D /* StyleRuleSpec.swift in Sources */ = {isa = PBXBuildFile; fileRef = 49CF5F981BA4866B00216E6D /* StyleRuleSpec.swift */; };
		49D1BF831BDD4A8700348D3D /* CustomView.swift in Sources */ = {isa = PBXBuildFile; fileRef = 49D1BF821BDD4A8700348D3D /* CustomView.swift */; };
		49D1BF851BDD506300348D3D /* AssociatedObject.swift in Sources */ = {isa = PBXBuildFile; fileRef = 49D1BF841BDD506300348D3D /* AssociatedObject.swift */; };
		49DBD9021BCAAF110069B0C2 /* Style.swift in Sources */ = {isa = PBXBuildFile; fileRef = 49DBD9011BCAAF110069B0C2 /* Style.swift */; };
		49EC39681B92FC7D002938E1 /* Gaikan.h in Headers */ = {isa = PBXBuildFile; fileRef = 49EC39671B92FC7D002938E1 /* Gaikan.h */; settings = {ATTRIBUTES = (Public, ); }; };
		49EC396F1B92FC7D002938E1 /* Gaikan.framework in Frameworks */ = {isa = PBXBuildFile; fileRef = 49EC39641B92FC7D002938E1 /* Gaikan.framework */; };
		49EC39741B92FC7D002938E1 /* GaikanTests.swift in Sources */ = {isa = PBXBuildFile; fileRef = 49EC39731B92FC7D002938E1 /* GaikanTests.swift */; };
		49EC398B1B93085E002938E1 /* StyleRule.swift in Sources */ = {isa = PBXBuildFile; fileRef = 49EC398A1B93085E002938E1 /* StyleRule.swift */; };
		49EC39931B9373B2002938E1 /* Stylable.swift in Sources */ = {isa = PBXBuildFile; fileRef = 49EC39921B9373B2002938E1 /* Stylable.swift */; };
		49FD8A651CD16652004F2979 /* Theme.swift in Sources */ = {isa = PBXBuildFile; fileRef = 49FD8A631CD16652004F2979 /* Theme.swift */; };
		CAFCDA4F1C592BBC004513D3 /* Corners.swift in Sources */ = {isa = PBXBuildFile; fileRef = CAFCDA4E1C592BBC004513D3 /* Corners.swift */; };
/* End PBXBuildFile section */

/* Begin PBXContainerItemProxy section */
		498E05481B98362800B4E26B /* PBXContainerItemProxy */ = {
			isa = PBXContainerItemProxy;
			containerPortal = 49EC395B1B92FC7D002938E1 /* Project object */;
			proxyType = 1;
			remoteGlobalIDString = 49EC39631B92FC7D002938E1;
			remoteInfo = Gaikan;
		};
		49EC39701B92FC7D002938E1 /* PBXContainerItemProxy */ = {
			isa = PBXContainerItemProxy;
			containerPortal = 49EC395B1B92FC7D002938E1 /* Project object */;
			proxyType = 1;
			remoteGlobalIDString = 49EC39631B92FC7D002938E1;
			remoteInfo = Gaikan;
		};
/* End PBXContainerItemProxy section */

/* Begin PBXFileReference section */
		420190831C80B4BB00B70169 /* UINavigationBarSpec.swift */ = {isa = PBXFileReference; fileEncoding = 4; lastKnownFileType = sourcecode.swift; path = UINavigationBarSpec.swift; sourceTree = "<group>"; };
		420190851C80B60F00B70169 /* UINavigationBar.swift */ = {isa = PBXFileReference; fileEncoding = 4; lastKnownFileType = sourcecode.swift; path = UINavigationBar.swift; sourceTree = "<group>"; };
		42087B211C9AE4B8000606A7 /* VirtualView.swift */ = {isa = PBXFileReference; fileEncoding = 4; lastKnownFileType = sourcecode.swift; path = VirtualView.swift; sourceTree = "<group>"; };
		4912E9811BEB905A00C0DA4A /* Background.swift */ = {isa = PBXFileReference; fileEncoding = 4; lastKnownFileType = sourcecode.swift; path = Background.swift; sourceTree = "<group>"; };
		4912E9851BEB9A9800C0DA4A /* Gradient.swift */ = {isa = PBXFileReference; fileEncoding = 4; lastKnownFileType = sourcecode.swift; path = Gradient.swift; sourceTree = "<group>"; };
		4912E9871BEB9FB000C0DA4A /* CGPoint.swift */ = {isa = PBXFileReference; fileEncoding = 4; lastKnownFileType = sourcecode.swift; path = CGPoint.swift; sourceTree = "<group>"; };
		4912E9891BEBA03C00C0DA4A /* UIColor.swift */ = {isa = PBXFileReference; fileEncoding = 4; lastKnownFileType = sourcecode.swift; path = UIColor.swift; sourceTree = "<group>"; };
		492C1B501BE0C9DF000515B9 /* UIControl.swift */ = {isa = PBXFileReference; fileEncoding = 4; lastKnownFileType = sourcecode.swift; path = UIControl.swift; sourceTree = "<group>"; };
		492C1B521BE0C9DF000515B9 /* UISwitch.swift */ = {isa = PBXFileReference; fileEncoding = 4; lastKnownFileType = sourcecode.swift; path = UISwitch.swift; sourceTree = "<group>"; };
		492C1B531BE0C9DF000515B9 /* UIView.swift */ = {isa = PBXFileReference; fileEncoding = 4; lastKnownFileType = sourcecode.swift; path = UIView.swift; sourceTree = "<group>"; };
		492C1B561BE0C9DF000515B9 /* ViewStyleRenderer.swift */ = {isa = PBXFileReference; fileEncoding = 4; lastKnownFileType = sourcecode.swift; path = ViewStyleRenderer.swift; sourceTree = "<group>"; };
		492C1B5E1BE0CA59000515B9 /* UILabelSpec.swift */ = {isa = PBXFileReference; fileEncoding = 4; lastKnownFileType = sourcecode.swift; path = UILabelSpec.swift; sourceTree = "<group>"; };
		492C1B5F1BE0CA59000515B9 /* UIViewSpec.swift */ = {isa = PBXFileReference; fileEncoding = 4; lastKnownFileType = sourcecode.swift; path = UIViewSpec.swift; sourceTree = "<group>"; };
		492C1B621BE0CAD0000515B9 /* UILabel.swift */ = {isa = PBXFileReference; fileEncoding = 4; lastKnownFileType = sourcecode.swift; path = UILabel.swift; sourceTree = "<group>"; };
		495DE8FB1BA580D100DA97BF /* DictionarySpec.swift */ = {isa = PBXFileReference; fileEncoding = 4; lastKnownFileType = sourcecode.swift; path = DictionarySpec.swift; sourceTree = "<group>"; };
		496D389A1CD8EDCB00C8B4EC /* UIColor.swift */ = {isa = PBXFileReference; fileEncoding = 4; lastKnownFileType = sourcecode.swift; path = UIColor.swift; sourceTree = "<group>"; };
		496D389B1CD8EDCB00C8B4EC /* UIFont.swift */ = {isa = PBXFileReference; fileEncoding = 4; lastKnownFileType = sourcecode.swift; path = UIFont.swift; sourceTree = "<group>"; };
		496D38A51CD8EE2800C8B4EC /* SampleTheme.swift */ = {isa = PBXFileReference; fileEncoding = 4; lastKnownFileType = sourcecode.swift; path = SampleTheme.swift; sourceTree = "<group>"; };
		4970A8161BD4459300BCB3BA /* Property.swift */ = {isa = PBXFileReference; fileEncoding = 4; lastKnownFileType = sourcecode.swift; path = Property.swift; sourceTree = "<group>"; };
		4970A8191BD445DB00BCB3BA /* Border.swift */ = {isa = PBXFileReference; fileEncoding = 4; lastKnownFileType = sourcecode.swift; path = Border.swift; sourceTree = "<group>"; };
		4970A81B1BD4484F00BCB3BA /* StyleSpec.swift */ = {isa = PBXFileReference; fileEncoding = 4; lastKnownFileType = sourcecode.swift; path = StyleSpec.swift; sourceTree = "<group>"; };
		498E05361B98362100B4E26B /* Sample.app */ = {isa = PBXFileReference; explicitFileType = wrapper.application; includeInIndex = 0; path = Sample.app; sourceTree = BUILT_PRODUCTS_DIR; };
		498E05381B98362100B4E26B /* AppDelegate.swift */ = {isa = PBXFileReference; lastKnownFileType = sourcecode.swift; path = AppDelegate.swift; sourceTree = "<group>"; };
		498E053A1B98362100B4E26B /* ViewController.swift */ = {isa = PBXFileReference; lastKnownFileType = sourcecode.swift; path = ViewController.swift; sourceTree = "<group>"; };
		498E053D1B98362100B4E26B /* Base */ = {isa = PBXFileReference; lastKnownFileType = file.storyboard; name = Base; path = Base.lproj/Main.storyboard; sourceTree = "<group>"; };
		498E053F1B98362100B4E26B /* Assets.xcassets */ = {isa = PBXFileReference; lastKnownFileType = folder.assetcatalog; path = Assets.xcassets; sourceTree = "<group>"; };
		498E05421B98362100B4E26B /* Base */ = {isa = PBXFileReference; lastKnownFileType = file.storyboard; name = Base; path = Base.lproj/LaunchScreen.storyboard; sourceTree = "<group>"; };
		498E05441B98362100B4E26B /* Info.plist */ = {isa = PBXFileReference; lastKnownFileType = text.plist.xml; path = Info.plist; sourceTree = "<group>"; };
		49A4F5571C1A3C7600D2A392 /* StylePseudoState.swift */ = {isa = PBXFileReference; fileEncoding = 4; lastKnownFileType = sourcecode.swift; path = StylePseudoState.swift; sourceTree = "<group>"; };
		49B00DEF1BF8EF3D0098FECE /* UIImage.swift */ = {isa = PBXFileReference; fileEncoding = 4; lastKnownFileType = sourcecode.swift; path = UIImage.swift; sourceTree = "<group>"; };
		49B674BB1BEE814B007D1BE2 /* BackgroundRenderer.swift */ = {isa = PBXFileReference; fileEncoding = 4; lastKnownFileType = sourcecode.swift; path = BackgroundRenderer.swift; sourceTree = "<group>"; };
		49C306541CD8FD2900CABDF4 /* Gradient.swift */ = {isa = PBXFileReference; fileEncoding = 4; lastKnownFileType = sourcecode.swift; path = Gradient.swift; sourceTree = "<group>"; };
		49C306571CD902EC00CABDF4 /* UIView+InterfaceBuilder.swift */ = {isa = PBXFileReference; fileEncoding = 4; lastKnownFileType = sourcecode.swift; path = "UIView+InterfaceBuilder.swift"; sourceTree = "<group>"; };
		49C8F7E81C1A33F400FF33DC /* StyleState.swift */ = {isa = PBXFileReference; fileEncoding = 4; lastKnownFileType = sourcecode.swift; path = StyleState.swift; sourceTree = "<group>"; };
		49CF5F961BA4835800216E6D /* Dictionary.swift */ = {isa = PBXFileReference; fileEncoding = 4; lastKnownFileType = sourcecode.swift; path = Dictionary.swift; sourceTree = "<group>"; };
		49CF5F981BA4866B00216E6D /* StyleRuleSpec.swift */ = {isa = PBXFileReference; fileEncoding = 4; lastKnownFileType = sourcecode.swift; path = StyleRuleSpec.swift; sourceTree = "<group>"; };
		49D1BF821BDD4A8700348D3D /* CustomView.swift */ = {isa = PBXFileReference; fileEncoding = 4; lastKnownFileType = sourcecode.swift; path = CustomView.swift; sourceTree = "<group>"; };
		49D1BF841BDD506300348D3D /* AssociatedObject.swift */ = {isa = PBXFileReference; fileEncoding = 4; lastKnownFileType = sourcecode.swift; path = AssociatedObject.swift; sourceTree = "<group>"; };
		49DBD9011BCAAF110069B0C2 /* Style.swift */ = {isa = PBXFileReference; fileEncoding = 4; lastKnownFileType = sourcecode.swift; path = Style.swift; sourceTree = "<group>"; };
		49EC39641B92FC7D002938E1 /* Gaikan.framework */ = {isa = PBXFileReference; explicitFileType = wrapper.framework; includeInIndex = 0; path = Gaikan.framework; sourceTree = BUILT_PRODUCTS_DIR; };
		49EC39671B92FC7D002938E1 /* Gaikan.h */ = {isa = PBXFileReference; lastKnownFileType = sourcecode.c.h; path = Gaikan.h; sourceTree = "<group>"; };
		49EC39691B92FC7D002938E1 /* Info.plist */ = {isa = PBXFileReference; lastKnownFileType = text.plist.xml; path = Info.plist; sourceTree = "<group>"; };
		49EC396E1B92FC7D002938E1 /* GaikanTests.xctest */ = {isa = PBXFileReference; explicitFileType = wrapper.cfbundle; includeInIndex = 0; path = GaikanTests.xctest; sourceTree = BUILT_PRODUCTS_DIR; };
		49EC39731B92FC7D002938E1 /* GaikanTests.swift */ = {isa = PBXFileReference; lastKnownFileType = sourcecode.swift; path = GaikanTests.swift; sourceTree = "<group>"; };
		49EC39751B92FC7D002938E1 /* Info.plist */ = {isa = PBXFileReference; lastKnownFileType = text.plist.xml; path = Info.plist; sourceTree = "<group>"; };
		49EC398A1B93085E002938E1 /* StyleRule.swift */ = {isa = PBXFileReference; fileEncoding = 4; lastKnownFileType = sourcecode.swift; path = StyleRule.swift; sourceTree = "<group>"; };
		49EC39921B9373B2002938E1 /* Stylable.swift */ = {isa = PBXFileReference; fileEncoding = 4; lastKnownFileType = sourcecode.swift; path = Stylable.swift; sourceTree = "<group>"; };
		49FD8A631CD16652004F2979 /* Theme.swift */ = {isa = PBXFileReference; fileEncoding = 4; lastKnownFileType = sourcecode.swift; path = Theme.swift; sourceTree = "<group>"; };
		CAFCDA4E1C592BBC004513D3 /* Corners.swift */ = {isa = PBXFileReference; fileEncoding = 4; lastKnownFileType = sourcecode.swift; path = Corners.swift; sourceTree = "<group>"; };
/* End PBXFileReference section */

/* Begin PBXFrameworksBuildPhase section */
		498E05331B98362100B4E26B /* Frameworks */ = {
			isa = PBXFrameworksBuildPhase;
			buildActionMask = 2147483647;
			files = (
			);
			runOnlyForDeploymentPostprocessing = 0;
		};
		49EC39601B92FC7D002938E1 /* Frameworks */ = {
			isa = PBXFrameworksBuildPhase;
			buildActionMask = 2147483647;
			files = (
			);
			runOnlyForDeploymentPostprocessing = 0;
		};
		49EC396B1B92FC7D002938E1 /* Frameworks */ = {
			isa = PBXFrameworksBuildPhase;
			buildActionMask = 2147483647;
			files = (
				49EC396F1B92FC7D002938E1 /* Gaikan.framework in Frameworks */,
			);
			runOnlyForDeploymentPostprocessing = 0;
		};
/* End PBXFrameworksBuildPhase section */

/* Begin PBXGroup section */
		490AD3DA1BA1CD4A0078F2DB /* Style */ = {
			isa = PBXGroup;
			children = (
				49CF5F981BA4866B00216E6D /* StyleRuleSpec.swift */,
				4970A81B1BD4484F00BCB3BA /* StyleSpec.swift */,
			);
			path = Style;
			sourceTree = "<group>";
		};
		492C1B421BE0C81E000515B9 /* UIKit */ = {
			isa = PBXGroup;
			children = (
				492C1B4F1BE0C9DF000515B9 /* Extension */,
				492C1B551BE0C9DF000515B9 /* Renderer */,
				42087B211C9AE4B8000606A7 /* VirtualView.swift */,
			);
			path = UIKit;
			sourceTree = "<group>";
		};
		492C1B4F1BE0C9DF000515B9 /* Extension */ = {
			isa = PBXGroup;
			children = (
				492C1B501BE0C9DF000515B9 /* UIControl.swift */,
				492C1B621BE0CAD0000515B9 /* UILabel.swift */,
				420190851C80B60F00B70169 /* UINavigationBar.swift */,
				492C1B521BE0C9DF000515B9 /* UISwitch.swift */,
				492C1B531BE0C9DF000515B9 /* UIView.swift */,
			);
			path = Extension;
			sourceTree = "<group>";
		};
		492C1B551BE0C9DF000515B9 /* Renderer */ = {
			isa = PBXGroup;
			children = (
				492C1B561BE0C9DF000515B9 /* ViewStyleRenderer.swift */,
				49B674BB1BEE814B007D1BE2 /* BackgroundRenderer.swift */,
			);
			path = Renderer;
			sourceTree = "<group>";
		};
		492C1B5C1BE0CA59000515B9 /* UIKit */ = {
			isa = PBXGroup;
			children = (
				492C1B5D1BE0CA59000515B9 /* Extension */,
			);
			path = UIKit;
			sourceTree = "<group>";
		};
		492C1B5D1BE0CA59000515B9 /* Extension */ = {
			isa = PBXGroup;
			children = (
				492C1B5E1BE0CA59000515B9 /* UILabelSpec.swift */,
				420190831C80B4BB00B70169 /* UINavigationBarSpec.swift */,
				492C1B5F1BE0CA59000515B9 /* UIViewSpec.swift */,
			);
			path = Extension;
			sourceTree = "<group>";
		};
		495DE8F91BA580C200DA97BF /* Swift */ = {
			isa = PBXGroup;
			children = (
				495DE8FA1BA580C200DA97BF /* Extension */,
			);
			path = Swift;
			sourceTree = "<group>";
		};
		495DE8FA1BA580C200DA97BF /* Extension */ = {
			isa = PBXGroup;
			children = (
				495DE8FB1BA580D100DA97BF /* DictionarySpec.swift */,
			);
			path = Extension;
			sourceTree = "<group>";
		};
		496D38991CD8EDCB00C8B4EC /* Theme */ = {
			isa = PBXGroup;
			children = (
				496D389A1CD8EDCB00C8B4EC /* UIColor.swift */,
				496D389B1CD8EDCB00C8B4EC /* UIFont.swift */,
				496D38A51CD8EE2800C8B4EC /* SampleTheme.swift */,
				49C306541CD8FD2900CABDF4 /* Gradient.swift */,
			);
			path = Theme;
			sourceTree = "<group>";
		};
		4970A8151BD4455900BCB3BA /* Property */ = {
			isa = PBXGroup;
			children = (
				4912E9851BEB9A9800C0DA4A /* Gradient.swift */,
				4970A8161BD4459300BCB3BA /* Property.swift */,
				4970A8181BD445DB00BCB3BA /* Value */,
			);
			path = Property;
			sourceTree = "<group>";
		};
		4970A8181BD445DB00BCB3BA /* Value */ = {
			isa = PBXGroup;
			children = (
				4970A8191BD445DB00BCB3BA /* Border.swift */,
				4912E9811BEB905A00C0DA4A /* Background.swift */,
				CAFCDA4E1C592BBC004513D3 /* Corners.swift */,
			);
			path = Value;
			sourceTree = "<group>";
		};
		498E05371B98362100B4E26B /* Sample */ = {
			isa = PBXGroup;
			children = (
				496D38991CD8EDCB00C8B4EC /* Theme */,
				498E05381B98362100B4E26B /* AppDelegate.swift */,
				498E053A1B98362100B4E26B /* ViewController.swift */,
				498E053C1B98362100B4E26B /* Main.storyboard */,
				498E053F1B98362100B4E26B /* Assets.xcassets */,
				498E05411B98362100B4E26B /* LaunchScreen.storyboard */,
				498E05441B98362100B4E26B /* Info.plist */,
				49D1BF821BDD4A8700348D3D /* CustomView.swift */,
			);
			path = Sample;
			sourceTree = "<group>";
		};
		49C306561CD902D800CABDF4 /* InterfaceBuilder */ = {
			isa = PBXGroup;
			children = (
				49C306571CD902EC00CABDF4 /* UIView+InterfaceBuilder.swift */,
			);
			path = InterfaceBuilder;
			sourceTree = "<group>";
		};
		49CF5F941BA4834B00216E6D /* Swift */ = {
			isa = PBXGroup;
			children = (
				49CF5F951BA4834B00216E6D /* Extension */,
				49D1BF841BDD506300348D3D /* AssociatedObject.swift */,
			);
			path = Swift;
			sourceTree = "<group>";
		};
		49CF5F951BA4834B00216E6D /* Extension */ = {
			isa = PBXGroup;
			children = (
				4912E9871BEB9FB000C0DA4A /* CGPoint.swift */,
				49CF5F961BA4835800216E6D /* Dictionary.swift */,
				4912E9891BEBA03C00C0DA4A /* UIColor.swift */,
				49B00DEF1BF8EF3D0098FECE /* UIImage.swift */,
			);
			path = Extension;
			sourceTree = "<group>";
		};
		49EC395A1B92FC7D002938E1 = {
			isa = PBXGroup;
			children = (
				49EC39661B92FC7D002938E1 /* Gaikan */,
				49EC39721B92FC7D002938E1 /* GaikanTests */,
				498E05371B98362100B4E26B /* Sample */,
				49EC39651B92FC7D002938E1 /* Products */,
			);
			sourceTree = "<group>";
		};
		49EC39651B92FC7D002938E1 /* Products */ = {
			isa = PBXGroup;
			children = (
				49EC39641B92FC7D002938E1 /* Gaikan.framework */,
				49EC396E1B92FC7D002938E1 /* GaikanTests.xctest */,
				498E05361B98362100B4E26B /* Sample.app */,
			);
			name = Products;
			sourceTree = "<group>";
		};
		49EC39661B92FC7D002938E1 /* Gaikan */ = {
			isa = PBXGroup;
			children = (
				49EC39671B92FC7D002938E1 /* Gaikan.h */,
				49EC39691B92FC7D002938E1 /* Info.plist */,
				49C306561CD902D800CABDF4 /* InterfaceBuilder */,
				4970A8151BD4455900BCB3BA /* Property */,
				49EC397E1B92FF2F002938E1 /* Style */,
				49CF5F941BA4834B00216E6D /* Swift */,
				49FD8A611CD16652004F2979 /* Theme */,
				492C1B421BE0C81E000515B9 /* UIKit */,
			);
			path = Gaikan;
			sourceTree = "<group>";
		};
		49EC39721B92FC7D002938E1 /* GaikanTests */ = {
			isa = PBXGroup;
			children = (
				49EC39731B92FC7D002938E1 /* GaikanTests.swift */,
				49EC39751B92FC7D002938E1 /* Info.plist */,
				490AD3DA1BA1CD4A0078F2DB /* Style */,
				495DE8F91BA580C200DA97BF /* Swift */,
				492C1B5C1BE0CA59000515B9 /* UIKit */,
			);
			path = GaikanTests;
			sourceTree = "<group>";
		};
		49EC397E1B92FF2F002938E1 /* Style */ = {
			isa = PBXGroup;
			children = (
				49EC39921B9373B2002938E1 /* Stylable.swift */,
				49DBD9011BCAAF110069B0C2 /* Style.swift */,
				49A4F5571C1A3C7600D2A392 /* StylePseudoState.swift */,
				49EC398A1B93085E002938E1 /* StyleRule.swift */,
				49C8F7E81C1A33F400FF33DC /* StyleState.swift */,
			);
			path = Style;
			sourceTree = "<group>";
		};
		49FD8A611CD16652004F2979 /* Theme */ = {
			isa = PBXGroup;
			children = (
				49FD8A631CD16652004F2979 /* Theme.swift */,
			);
			path = Theme;
			sourceTree = "<group>";
		};
/* End PBXGroup section */

/* Begin PBXHeadersBuildPhase section */
		49EC39611B92FC7D002938E1 /* Headers */ = {
			isa = PBXHeadersBuildPhase;
			buildActionMask = 2147483647;
			files = (
				49EC39681B92FC7D002938E1 /* Gaikan.h in Headers */,
			);
			runOnlyForDeploymentPostprocessing = 0;
		};
/* End PBXHeadersBuildPhase section */

/* Begin PBXNativeTarget section */
		498E05351B98362100B4E26B /* Sample */ = {
			isa = PBXNativeTarget;
			buildConfigurationList = 498E05451B98362100B4E26B /* Build configuration list for PBXNativeTarget "Sample" */;
			buildPhases = (
				498E05321B98362100B4E26B /* Sources */,
				498E05331B98362100B4E26B /* Frameworks */,
				498E05341B98362100B4E26B /* Resources */,
			);
			buildRules = (
			);
			dependencies = (
				498E05491B98362800B4E26B /* PBXTargetDependency */,
			);
			name = Sample;
			productName = Sample;
			productReference = 498E05361B98362100B4E26B /* Sample.app */;
			productType = "com.apple.product-type.application";
		};
		49EC39631B92FC7D002938E1 /* Gaikan */ = {
			isa = PBXNativeTarget;
			buildConfigurationList = 49EC39781B92FC7D002938E1 /* Build configuration list for PBXNativeTarget "Gaikan" */;
			buildPhases = (
				49EC395F1B92FC7D002938E1 /* Sources */,
				49EC39601B92FC7D002938E1 /* Frameworks */,
				49EC39611B92FC7D002938E1 /* Headers */,
				49EC39621B92FC7D002938E1 /* Resources */,
			);
			buildRules = (
			);
			dependencies = (
			);
			name = Gaikan;
			productName = Gaikan;
			productReference = 49EC39641B92FC7D002938E1 /* Gaikan.framework */;
			productType = "com.apple.product-type.framework";
		};
		49EC396D1B92FC7D002938E1 /* GaikanTests */ = {
			isa = PBXNativeTarget;
			buildConfigurationList = 49EC397B1B92FC7D002938E1 /* Build configuration list for PBXNativeTarget "GaikanTests" */;
			buildPhases = (
				49EC396A1B92FC7D002938E1 /* Sources */,
				49EC396B1B92FC7D002938E1 /* Frameworks */,
				49EC396C1B92FC7D002938E1 /* Resources */,
			);
			buildRules = (
			);
			dependencies = (
				49EC39711B92FC7D002938E1 /* PBXTargetDependency */,
			);
			name = GaikanTests;
			productName = GaikanTests;
			productReference = 49EC396E1B92FC7D002938E1 /* GaikanTests.xctest */;
			productType = "com.apple.product-type.bundle.unit-test";
		};
/* End PBXNativeTarget section */

/* Begin PBXProject section */
		49EC395B1B92FC7D002938E1 /* Project object */ = {
			isa = PBXProject;
			attributes = {
				LastSwiftUpdateCheck = 0710;
				LastUpgradeCheck = 0700;
				ORGANIZATIONNAME = fr.akane;
				TargetAttributes = {
					498E05351B98362100B4E26B = {
						CreatedOnToolsVersion = 7.0;
					};
					49EC39631B92FC7D002938E1 = {
						CreatedOnToolsVersion = 7.0;
					};
					49EC396D1B92FC7D002938E1 = {
						CreatedOnToolsVersion = 7.0;
					};
				};
			};
			buildConfigurationList = 49EC395E1B92FC7D002938E1 /* Build configuration list for PBXProject "Gaikan" */;
			compatibilityVersion = "Xcode 3.2";
			developmentRegion = English;
			hasScannedForEncodings = 0;
			knownRegions = (
				en,
				Base,
			);
			mainGroup = 49EC395A1B92FC7D002938E1;
			productRefGroup = 49EC39651B92FC7D002938E1 /* Products */;
			projectDirPath = "";
			projectRoot = "";
			targets = (
				49EC39631B92FC7D002938E1 /* Gaikan */,
				49EC396D1B92FC7D002938E1 /* GaikanTests */,
				498E05351B98362100B4E26B /* Sample */,
			);
		};
/* End PBXProject section */

/* Begin PBXResourcesBuildPhase section */
		498E05341B98362100B4E26B /* Resources */ = {
			isa = PBXResourcesBuildPhase;
			buildActionMask = 2147483647;
			files = (
				498E05431B98362100B4E26B /* LaunchScreen.storyboard in Resources */,
				498E05401B98362100B4E26B /* Assets.xcassets in Resources */,
				498E053E1B98362100B4E26B /* Main.storyboard in Resources */,
			);
			runOnlyForDeploymentPostprocessing = 0;
		};
		49EC39621B92FC7D002938E1 /* Resources */ = {
			isa = PBXResourcesBuildPhase;
			buildActionMask = 2147483647;
			files = (
			);
			runOnlyForDeploymentPostprocessing = 0;
		};
		49EC396C1B92FC7D002938E1 /* Resources */ = {
			isa = PBXResourcesBuildPhase;
			buildActionMask = 2147483647;
			files = (
			);
			runOnlyForDeploymentPostprocessing = 0;
		};
/* End PBXResourcesBuildPhase section */

/* Begin PBXSourcesBuildPhase section */
		498E05321B98362100B4E26B /* Sources */ = {
			isa = PBXSourcesBuildPhase;
			buildActionMask = 2147483647;
			files = (
				49D1BF831BDD4A8700348D3D /* CustomView.swift in Sources */,
				496D38A61CD8EE2800C8B4EC /* SampleTheme.swift in Sources */,
				496D38A21CD8EDCB00C8B4EC /* UIFont.swift in Sources */,
				49C306551CD8FD2900CABDF4 /* Gradient.swift in Sources */,
				498E053B1B98362100B4E26B /* ViewController.swift in Sources */,
				498E05391B98362100B4E26B /* AppDelegate.swift in Sources */,
				496D38A11CD8EDCB00C8B4EC /* UIColor.swift in Sources */,
			);
			runOnlyForDeploymentPostprocessing = 0;
		};
		49EC395F1B92FC7D002938E1 /* Sources */ = {
			isa = PBXSourcesBuildPhase;
			buildActionMask = 2147483647;
			files = (
				4970A81A1BD445DB00BCB3BA /* Border.swift in Sources */,
				49EC398B1B93085E002938E1 /* StyleRule.swift in Sources */,
				49C306581CD902EC00CABDF4 /* UIView+InterfaceBuilder.swift in Sources */,
				49C8F7E91C1A33F400FF33DC /* StyleState.swift in Sources */,
				49EC39931B9373B2002938E1 /* Stylable.swift in Sources */,
				492C1B5B1BE0C9DF000515B9 /* ViewStyleRenderer.swift in Sources */,
				49B00DF01BF8EF3D0098FECE /* UIImage.swift in Sources */,
				492C1B631BE0CAD0000515B9 /* UILabel.swift in Sources */,
				4912E9881BEB9FB000C0DA4A /* CGPoint.swift in Sources */,
				4912E98A1BEBA03C00C0DA4A /* UIColor.swift in Sources */,
				492C1B571BE0C9DF000515B9 /* UIControl.swift in Sources */,
				49B674BC1BEE814B007D1BE2 /* BackgroundRenderer.swift in Sources */,
				49CF5F971BA4835800216E6D /* Dictionary.swift in Sources */,
				49FD8A651CD16652004F2979 /* Theme.swift in Sources */,
				49A4F5581C1A3C7600D2A392 /* StylePseudoState.swift in Sources */,
				49D1BF851BDD506300348D3D /* AssociatedObject.swift in Sources */,
				4970A8171BD4459300BCB3BA /* Property.swift in Sources */,
				4912E9821BEB905A00C0DA4A /* Background.swift in Sources */,
				420190861C80B60F00B70169 /* UINavigationBar.swift in Sources */,
				492C1B5A1BE0C9DF000515B9 /* UIView.swift in Sources */,
				49DBD9021BCAAF110069B0C2 /* Style.swift in Sources */,
				492C1B591BE0C9DF000515B9 /* UISwitch.swift in Sources */,
				42087B221C9AE4B8000606A7 /* VirtualView.swift in Sources */,
				4912E9861BEB9A9800C0DA4A /* Gradient.swift in Sources */,
				CAFCDA4F1C592BBC004513D3 /* Corners.swift in Sources */,
			);
			runOnlyForDeploymentPostprocessing = 0;
		};
		49EC396A1B92FC7D002938E1 /* Sources */ = {
			isa = PBXSourcesBuildPhase;
			buildActionMask = 2147483647;
			files = (
				49CF5F991BA4866B00216E6D /* StyleRuleSpec.swift in Sources */,
				492C1B601BE0CA59000515B9 /* UILabelSpec.swift in Sources */,
				495DE8FC1BA580D100DA97BF /* DictionarySpec.swift in Sources */,
				492C1B611BE0CA59000515B9 /* UIViewSpec.swift in Sources */,
				420190841C80B4BB00B70169 /* UINavigationBarSpec.swift in Sources */,
				4970A81C1BD4484F00BCB3BA /* StyleSpec.swift in Sources */,
				49EC39741B92FC7D002938E1 /* GaikanTests.swift in Sources */,
			);
			runOnlyForDeploymentPostprocessing = 0;
		};
/* End PBXSourcesBuildPhase section */

/* Begin PBXTargetDependency section */
		498E05491B98362800B4E26B /* PBXTargetDependency */ = {
			isa = PBXTargetDependency;
			target = 49EC39631B92FC7D002938E1 /* Gaikan */;
			targetProxy = 498E05481B98362800B4E26B /* PBXContainerItemProxy */;
		};
		49EC39711B92FC7D002938E1 /* PBXTargetDependency */ = {
			isa = PBXTargetDependency;
			target = 49EC39631B92FC7D002938E1 /* Gaikan */;
			targetProxy = 49EC39701B92FC7D002938E1 /* PBXContainerItemProxy */;
		};
/* End PBXTargetDependency section */

/* Begin PBXVariantGroup section */
		498E053C1B98362100B4E26B /* Main.storyboard */ = {
			isa = PBXVariantGroup;
			children = (
				498E053D1B98362100B4E26B /* Base */,
			);
			name = Main.storyboard;
			sourceTree = "<group>";
		};
		498E05411B98362100B4E26B /* LaunchScreen.storyboard */ = {
			isa = PBXVariantGroup;
			children = (
				498E05421B98362100B4E26B /* Base */,
			);
			name = LaunchScreen.storyboard;
			sourceTree = "<group>";
		};
/* End PBXVariantGroup section */

/* Begin XCBuildConfiguration section */
		498E05461B98362100B4E26B /* Debug */ = {
			isa = XCBuildConfiguration;
			buildSettings = {
				ASSETCATALOG_COMPILER_APPICON_NAME = AppIcon;
				INFOPLIST_FILE = Sample/Info.plist;
				IPHONEOS_DEPLOYMENT_TARGET = 9.0;
				LD_RUNPATH_SEARCH_PATHS = "$(inherited) @executable_path/Frameworks";
				PRODUCT_BUNDLE_IDENTIFIER = Akane.Sample;
				PRODUCT_NAME = "$(TARGET_NAME)";
			};
			name = Debug;
		};
		498E05471B98362100B4E26B /* Release */ = {
			isa = XCBuildConfiguration;
			buildSettings = {
				ASSETCATALOG_COMPILER_APPICON_NAME = AppIcon;
				INFOPLIST_FILE = Sample/Info.plist;
				IPHONEOS_DEPLOYMENT_TARGET = 9.0;
				LD_RUNPATH_SEARCH_PATHS = "$(inherited) @executable_path/Frameworks";
				PRODUCT_BUNDLE_IDENTIFIER = Akane.Sample;
				PRODUCT_NAME = "$(TARGET_NAME)";
			};
			name = Release;
		};
		49EC39761B92FC7D002938E1 /* Debug */ = {
			isa = XCBuildConfiguration;
			buildSettings = {
				ALWAYS_SEARCH_USER_PATHS = NO;
				CLANG_CXX_LANGUAGE_STANDARD = "gnu++0x";
				CLANG_CXX_LIBRARY = "libc++";
				CLANG_ENABLE_MODULES = YES;
				CLANG_ENABLE_OBJC_ARC = YES;
				CLANG_WARN_BOOL_CONVERSION = YES;
				CLANG_WARN_CONSTANT_CONVERSION = YES;
				CLANG_WARN_DIRECT_OBJC_ISA_USAGE = YES_ERROR;
				CLANG_WARN_EMPTY_BODY = YES;
				CLANG_WARN_ENUM_CONVERSION = YES;
				CLANG_WARN_INT_CONVERSION = YES;
				CLANG_WARN_OBJC_ROOT_CLASS = YES_ERROR;
				CLANG_WARN_UNREACHABLE_CODE = YES;
				CLANG_WARN__DUPLICATE_METHOD_MATCH = YES;
				"CODE_SIGN_IDENTITY[sdk=iphoneos*]" = "iPhone Developer";
				COPY_PHASE_STRIP = NO;
				CURRENT_PROJECT_VERSION = 1;
				DEBUG_INFORMATION_FORMAT = dwarf;
				ENABLE_STRICT_OBJC_MSGSEND = YES;
				ENABLE_TESTABILITY = YES;
				FRAMEWORK_SEARCH_PATHS = "$(PROJECT_DIR)/Carthage/Build/iOS";
				GCC_C_LANGUAGE_STANDARD = gnu99;
				GCC_DYNAMIC_NO_PIC = NO;
				GCC_NO_COMMON_BLOCKS = YES;
				GCC_OPTIMIZATION_LEVEL = 0;
				GCC_PREPROCESSOR_DEFINITIONS = (
					"DEBUG=1",
					"$(inherited)",
				);
				GCC_WARN_64_TO_32_BIT_CONVERSION = YES;
				GCC_WARN_ABOUT_RETURN_TYPE = YES_ERROR;
				GCC_WARN_UNDECLARED_SELECTOR = YES;
				GCC_WARN_UNINITIALIZED_AUTOS = YES_AGGRESSIVE;
				GCC_WARN_UNUSED_FUNCTION = YES;
				GCC_WARN_UNUSED_VARIABLE = YES;
				IPHONEOS_DEPLOYMENT_TARGET = 8.0;
				MTL_ENABLE_DEBUG_INFO = YES;
				ONLY_ACTIVE_ARCH = YES;
				SDKROOT = iphoneos;
				SWIFT_OPTIMIZATION_LEVEL = "-Onone";
				TARGETED_DEVICE_FAMILY = "1,2";
				VERSIONING_SYSTEM = "apple-generic";
				VERSION_INFO_PREFIX = "";
			};
			name = Debug;
		};
		49EC39771B92FC7D002938E1 /* Release */ = {
			isa = XCBuildConfiguration;
			buildSettings = {
				ALWAYS_SEARCH_USER_PATHS = NO;
				CLANG_CXX_LANGUAGE_STANDARD = "gnu++0x";
				CLANG_CXX_LIBRARY = "libc++";
				CLANG_ENABLE_MODULES = YES;
				CLANG_ENABLE_OBJC_ARC = YES;
				CLANG_WARN_BOOL_CONVERSION = YES;
				CLANG_WARN_CONSTANT_CONVERSION = YES;
				CLANG_WARN_DIRECT_OBJC_ISA_USAGE = YES_ERROR;
				CLANG_WARN_EMPTY_BODY = YES;
				CLANG_WARN_ENUM_CONVERSION = YES;
				CLANG_WARN_INT_CONVERSION = YES;
				CLANG_WARN_OBJC_ROOT_CLASS = YES_ERROR;
				CLANG_WARN_UNREACHABLE_CODE = YES;
				CLANG_WARN__DUPLICATE_METHOD_MATCH = YES;
				"CODE_SIGN_IDENTITY[sdk=iphoneos*]" = "iPhone Developer";
				COPY_PHASE_STRIP = NO;
				CURRENT_PROJECT_VERSION = 1;
				DEBUG_INFORMATION_FORMAT = "dwarf-with-dsym";
				ENABLE_NS_ASSERTIONS = NO;
				ENABLE_STRICT_OBJC_MSGSEND = YES;
				FRAMEWORK_SEARCH_PATHS = "$(PROJECT_DIR)/Carthage/Build/iOS";
				GCC_C_LANGUAGE_STANDARD = gnu99;
				GCC_NO_COMMON_BLOCKS = YES;
				GCC_WARN_64_TO_32_BIT_CONVERSION = YES;
				GCC_WARN_ABOUT_RETURN_TYPE = YES_ERROR;
				GCC_WARN_UNDECLARED_SELECTOR = YES;
				GCC_WARN_UNINITIALIZED_AUTOS = YES_AGGRESSIVE;
				GCC_WARN_UNUSED_FUNCTION = YES;
				GCC_WARN_UNUSED_VARIABLE = YES;
				IPHONEOS_DEPLOYMENT_TARGET = 8.0;
				MTL_ENABLE_DEBUG_INFO = NO;
				SDKROOT = iphoneos;
				TARGETED_DEVICE_FAMILY = "1,2";
				VALIDATE_PRODUCT = YES;
				VERSIONING_SYSTEM = "apple-generic";
				VERSION_INFO_PREFIX = "";
			};
			name = Release;
		};
		49EC39791B92FC7D002938E1 /* Debug */ = {
			isa = XCBuildConfiguration;
			buildSettings = {
				CLANG_ENABLE_MODULES = YES;
				DEFINES_MODULE = YES;
				DYLIB_COMPATIBILITY_VERSION = 1;
				DYLIB_CURRENT_VERSION = 1;
				DYLIB_INSTALL_NAME_BASE = "@rpath";
				INFOPLIST_FILE = Gaikan/Info.plist;
				INSTALL_PATH = "$(LOCAL_LIBRARY_DIR)/Frameworks";
				LD_RUNPATH_SEARCH_PATHS = "$(inherited) @executable_path/Frameworks @loader_path/Frameworks";
				PRODUCT_BUNDLE_IDENTIFIER = Akane.Gaikan;
				PRODUCT_NAME = "$(TARGET_NAME)";
				SKIP_INSTALL = YES;
				SWIFT_OPTIMIZATION_LEVEL = "-Onone";
			};
			name = Debug;
		};
		49EC397A1B92FC7D002938E1 /* Release */ = {
			isa = XCBuildConfiguration;
			buildSettings = {
				CLANG_ENABLE_MODULES = YES;
				DEFINES_MODULE = YES;
				DYLIB_COMPATIBILITY_VERSION = 1;
				DYLIB_CURRENT_VERSION = 1;
				DYLIB_INSTALL_NAME_BASE = "@rpath";
				INFOPLIST_FILE = Gaikan/Info.plist;
				INSTALL_PATH = "$(LOCAL_LIBRARY_DIR)/Frameworks";
				LD_RUNPATH_SEARCH_PATHS = "$(inherited) @executable_path/Frameworks @loader_path/Frameworks";
				PRODUCT_BUNDLE_IDENTIFIER = Akane.Gaikan;
				PRODUCT_NAME = "$(TARGET_NAME)";
				SKIP_INSTALL = YES;
			};
			name = Release;
		};
		49EC397C1B92FC7D002938E1 /* Debug */ = {
			isa = XCBuildConfiguration;
			buildSettings = {
				INFOPLIST_FILE = GaikanTests/Info.plist;
				LD_RUNPATH_SEARCH_PATHS = "$(inherited) @executable_path/Frameworks @loader_path/Frameworks";
				PRODUCT_BUNDLE_IDENTIFIER = Akane.GaikanTests;
				PRODUCT_NAME = "$(TARGET_NAME)";
			};
			name = Debug;
		};
		49EC397D1B92FC7D002938E1 /* Release */ = {
			isa = XCBuildConfiguration;
			buildSettings = {
				INFOPLIST_FILE = GaikanTests/Info.plist;
				LD_RUNPATH_SEARCH_PATHS = "$(inherited) @executable_path/Frameworks @loader_path/Frameworks";
				PRODUCT_BUNDLE_IDENTIFIER = Akane.GaikanTests;
				PRODUCT_NAME = "$(TARGET_NAME)";
			};
			name = Release;
		};
/* End XCBuildConfiguration section */

/* Begin XCConfigurationList section */
		498E05451B98362100B4E26B /* Build configuration list for PBXNativeTarget "Sample" */ = {
			isa = XCConfigurationList;
			buildConfigurations = (
				498E05461B98362100B4E26B /* Debug */,
				498E05471B98362100B4E26B /* Release */,
			);
			defaultConfigurationIsVisible = 0;
			defaultConfigurationName = Release;
		};
		49EC395E1B92FC7D002938E1 /* Build configuration list for PBXProject "Gaikan" */ = {
			isa = XCConfigurationList;
			buildConfigurations = (
				49EC39761B92FC7D002938E1 /* Debug */,
				49EC39771B92FC7D002938E1 /* Release */,
			);
			defaultConfigurationIsVisible = 0;
			defaultConfigurationName = Release;
		};
		49EC39781B92FC7D002938E1 /* Build configuration list for PBXNativeTarget "Gaikan" */ = {
			isa = XCConfigurationList;
			buildConfigurations = (
				49EC39791B92FC7D002938E1 /* Debug */,
				49EC397A1B92FC7D002938E1 /* Release */,
			);
			defaultConfigurationIsVisible = 0;
			defaultConfigurationName = Release;
		};
		49EC397B1B92FC7D002938E1 /* Build configuration list for PBXNativeTarget "GaikanTests" */ = {
			isa = XCConfigurationList;
			buildConfigurations = (
				49EC397C1B92FC7D002938E1 /* Debug */,
				49EC397D1B92FC7D002938E1 /* Release */,
			);
			defaultConfigurationIsVisible = 0;
			defaultConfigurationName = Release;
		};
/* End XCConfigurationList section */
	};
	rootObject = 49EC395B1B92FC7D002938E1 /* Project object */;
}
