// !$*UTF8*$!
{
	archiveVersion = 1;
	classes = {
	};
	objectVersion = 46;
	objects = {

/* Begin PBXBuildFile section */
		0EF0EAFE0023971A300C153D /* Pods_GaikanTests.framework in Frameworks */ = {isa = PBXBuildFile; fileRef = 4C02980E631EF22B39F30C2B /* Pods_GaikanTests.framework */; settings = {ATTRIBUTES = (Weak, ); }; };
		490AD3DD1BA1CD4A0078F2DB /* ViewStyleRendererSpec.swift in Sources */ = {isa = PBXBuildFile; fileRef = 490AD3DC1BA1CD4A0078F2DB /* ViewStyleRendererSpec.swift */; settings = {ASSET_TAGS = (); }; };
		498E05391B98362100B4E26B /* AppDelegate.swift in Sources */ = {isa = PBXBuildFile; fileRef = 498E05381B98362100B4E26B /* AppDelegate.swift */; };
		498E053B1B98362100B4E26B /* ViewController.swift in Sources */ = {isa = PBXBuildFile; fileRef = 498E053A1B98362100B4E26B /* ViewController.swift */; };
		498E053E1B98362100B4E26B /* Main.storyboard in Resources */ = {isa = PBXBuildFile; fileRef = 498E053C1B98362100B4E26B /* Main.storyboard */; };
		498E05401B98362100B4E26B /* Assets.xcassets in Resources */ = {isa = PBXBuildFile; fileRef = 498E053F1B98362100B4E26B /* Assets.xcassets */; };
		498E05431B98362100B4E26B /* LaunchScreen.storyboard in Resources */ = {isa = PBXBuildFile; fileRef = 498E05411B98362100B4E26B /* LaunchScreen.storyboard */; };
		49CA04E01BA2C0EF00B61EAB /* LabelStyleRendererSpec.swift in Sources */ = {isa = PBXBuildFile; fileRef = 49CA04DF1BA2C0EF00B61EAB /* LabelStyleRendererSpec.swift */; settings = {ASSET_TAGS = (); }; };
		49CF5F971BA4835800216E6D /* Dictionary.swift in Sources */ = {isa = PBXBuildFile; fileRef = 49CF5F961BA4835800216E6D /* Dictionary.swift */; settings = {ASSET_TAGS = (); }; };
		49E5147C1B9830A20030529C /* LabelStyleRenderer.swift in Sources */ = {isa = PBXBuildFile; fileRef = 49E5147B1B9830A20030529C /* LabelStyleRenderer.swift */; };
		49EC39681B92FC7D002938E1 /* Gaikan.h in Headers */ = {isa = PBXBuildFile; fileRef = 49EC39671B92FC7D002938E1 /* Gaikan.h */; settings = {ATTRIBUTES = (Public, ); }; };
		49EC396F1B92FC7D002938E1 /* Gaikan.framework in Frameworks */ = {isa = PBXBuildFile; fileRef = 49EC39641B92FC7D002938E1 /* Gaikan.framework */; };
		49EC39741B92FC7D002938E1 /* GaikanTests.swift in Sources */ = {isa = PBXBuildFile; fileRef = 49EC39731B92FC7D002938E1 /* GaikanTests.swift */; };
		49EC39801B92FF48002938E1 /* StyleProperty.swift in Sources */ = {isa = PBXBuildFile; fileRef = 49EC397F1B92FF48002938E1 /* StyleProperty.swift */; };
		49EC39821B9301E5002938E1 /* Stylesheet.swift in Sources */ = {isa = PBXBuildFile; fileRef = 49EC39811B9301E5002938E1 /* Stylesheet.swift */; };
		49EC398B1B93085E002938E1 /* StyleRule.swift in Sources */ = {isa = PBXBuildFile; fileRef = 49EC398A1B93085E002938E1 /* StyleRule.swift */; };
		49EC39931B9373B2002938E1 /* Stylable.swift in Sources */ = {isa = PBXBuildFile; fileRef = 49EC39921B9373B2002938E1 /* Stylable.swift */; };
		49EC39951B938027002938E1 /* UIViewStylableExtension.swift in Sources */ = {isa = PBXBuildFile; fileRef = 49EC39941B938027002938E1 /* UIViewStylableExtension.swift */; };
		49EC39991B938218002938E1 /* ViewStyleRenderer.swift in Sources */ = {isa = PBXBuildFile; fileRef = 49EC39981B938218002938E1 /* ViewStyleRenderer.swift */; };
		49F3212E1B9A51B4009F1694 /* Border.swift in Sources */ = {isa = PBXBuildFile; fileRef = 49F3212D1B9A51B4009F1694 /* Border.swift */; settings = {ASSET_TAGS = (); }; };
/* End PBXBuildFile section */

/* Begin PBXContainerItemProxy section */
		498E05481B98362800B4E26B /* PBXContainerItemProxy */ = {
			isa = PBXContainerItemProxy;
			containerPortal = 49EC395B1B92FC7D002938E1 /* Project object */;
			proxyType = 1;
			remoteGlobalIDString = 49EC39631B92FC7D002938E1;
			remoteInfo = Gaikan;
		};
		49EC39701B92FC7D002938E1 /* PBXContainerItemProxy */ = {
			isa = PBXContainerItemProxy;
			containerPortal = 49EC395B1B92FC7D002938E1 /* Project object */;
			proxyType = 1;
			remoteGlobalIDString = 49EC39631B92FC7D002938E1;
			remoteInfo = Gaikan;
		};
/* End PBXContainerItemProxy section */

/* Begin PBXFileReference section */
		072F4ED19647D336AD352F01 /* Pods-GaikanTests.debug.xcconfig */ = {isa = PBXFileReference; includeInIndex = 1; lastKnownFileType = text.xcconfig; name = "Pods-GaikanTests.debug.xcconfig"; path = "Pods/Target Support Files/Pods-GaikanTests/Pods-GaikanTests.debug.xcconfig"; sourceTree = "<group>"; };
		187FEDA9974C0AEB357AAD43 /* Pods-GaikanTests.release.xcconfig */ = {isa = PBXFileReference; includeInIndex = 1; lastKnownFileType = text.xcconfig; name = "Pods-GaikanTests.release.xcconfig"; path = "Pods/Target Support Files/Pods-GaikanTests/Pods-GaikanTests.release.xcconfig"; sourceTree = "<group>"; };
		490AD3DC1BA1CD4A0078F2DB /* ViewStyleRendererSpec.swift */ = {isa = PBXFileReference; fileEncoding = 4; lastKnownFileType = sourcecode.swift; path = ViewStyleRendererSpec.swift; sourceTree = "<group>"; };
		498E05361B98362100B4E26B /* Sample.app */ = {isa = PBXFileReference; explicitFileType = wrapper.application; includeInIndex = 0; path = Sample.app; sourceTree = BUILT_PRODUCTS_DIR; };
		498E05381B98362100B4E26B /* AppDelegate.swift */ = {isa = PBXFileReference; lastKnownFileType = sourcecode.swift; path = AppDelegate.swift; sourceTree = "<group>"; };
		498E053A1B98362100B4E26B /* ViewController.swift */ = {isa = PBXFileReference; lastKnownFileType = sourcecode.swift; path = ViewController.swift; sourceTree = "<group>"; };
		498E053D1B98362100B4E26B /* Base */ = {isa = PBXFileReference; lastKnownFileType = file.storyboard; name = Base; path = Base.lproj/Main.storyboard; sourceTree = "<group>"; };
		498E053F1B98362100B4E26B /* Assets.xcassets */ = {isa = PBXFileReference; lastKnownFileType = folder.assetcatalog; path = Assets.xcassets; sourceTree = "<group>"; };
		498E05421B98362100B4E26B /* Base */ = {isa = PBXFileReference; lastKnownFileType = file.storyboard; name = Base; path = Base.lproj/LaunchScreen.storyboard; sourceTree = "<group>"; };
		498E05441B98362100B4E26B /* Info.plist */ = {isa = PBXFileReference; lastKnownFileType = text.plist.xml; path = Info.plist; sourceTree = "<group>"; };
		49CA04DF1BA2C0EF00B61EAB /* LabelStyleRendererSpec.swift */ = {isa = PBXFileReference; fileEncoding = 4; lastKnownFileType = sourcecode.swift; path = LabelStyleRendererSpec.swift; sourceTree = "<group>"; };
		49CF5F961BA4835800216E6D /* Dictionary.swift */ = {isa = PBXFileReference; fileEncoding = 4; lastKnownFileType = sourcecode.swift; path = Dictionary.swift; sourceTree = "<group>"; };
		49E5147B1B9830A20030529C /* LabelStyleRenderer.swift */ = {isa = PBXFileReference; fileEncoding = 4; lastKnownFileType = sourcecode.swift; path = LabelStyleRenderer.swift; sourceTree = "<group>"; };
		49EC39641B92FC7D002938E1 /* Gaikan.framework */ = {isa = PBXFileReference; explicitFileType = wrapper.framework; includeInIndex = 0; path = Gaikan.framework; sourceTree = BUILT_PRODUCTS_DIR; };
		49EC39671B92FC7D002938E1 /* Gaikan.h */ = {isa = PBXFileReference; lastKnownFileType = sourcecode.c.h; path = Gaikan.h; sourceTree = "<group>"; };
		49EC39691B92FC7D002938E1 /* Info.plist */ = {isa = PBXFileReference; lastKnownFileType = text.plist.xml; path = Info.plist; sourceTree = "<group>"; };
		49EC396E1B92FC7D002938E1 /* GaikanTests.xctest */ = {isa = PBXFileReference; explicitFileType = wrapper.cfbundle; includeInIndex = 0; path = GaikanTests.xctest; sourceTree = BUILT_PRODUCTS_DIR; };
		49EC39731B92FC7D002938E1 /* GaikanTests.swift */ = {isa = PBXFileReference; lastKnownFileType = sourcecode.swift; path = GaikanTests.swift; sourceTree = "<group>"; };
		49EC39751B92FC7D002938E1 /* Info.plist */ = {isa = PBXFileReference; lastKnownFileType = text.plist.xml; path = Info.plist; sourceTree = "<group>"; };
		49EC397F1B92FF48002938E1 /* StyleProperty.swift */ = {isa = PBXFileReference; fileEncoding = 4; lastKnownFileType = sourcecode.swift; path = StyleProperty.swift; sourceTree = "<group>"; };
		49EC39811B9301E5002938E1 /* Stylesheet.swift */ = {isa = PBXFileReference; fileEncoding = 4; lastKnownFileType = sourcecode.swift; path = Stylesheet.swift; sourceTree = "<group>"; };
		49EC398A1B93085E002938E1 /* StyleRule.swift */ = {isa = PBXFileReference; fileEncoding = 4; lastKnownFileType = sourcecode.swift; path = StyleRule.swift; sourceTree = "<group>"; };
		49EC39921B9373B2002938E1 /* Stylable.swift */ = {isa = PBXFileReference; fileEncoding = 4; lastKnownFileType = sourcecode.swift; path = Stylable.swift; sourceTree = "<group>"; };
		49EC39941B938027002938E1 /* UIViewStylableExtension.swift */ = {isa = PBXFileReference; fileEncoding = 4; lastKnownFileType = sourcecode.swift; path = UIViewStylableExtension.swift; sourceTree = "<group>"; };
		49EC39981B938218002938E1 /* ViewStyleRenderer.swift */ = {isa = PBXFileReference; fileEncoding = 4; lastKnownFileType = sourcecode.swift; path = ViewStyleRenderer.swift; sourceTree = "<group>"; };
		49F3212D1B9A51B4009F1694 /* Border.swift */ = {isa = PBXFileReference; fileEncoding = 4; lastKnownFileType = sourcecode.swift; path = Border.swift; sourceTree = "<group>"; };
		4C02980E631EF22B39F30C2B /* Pods_GaikanTests.framework */ = {isa = PBXFileReference; explicitFileType = wrapper.framework; includeInIndex = 0; path = Pods_GaikanTests.framework; sourceTree = BUILT_PRODUCTS_DIR; };
/* End PBXFileReference section */

/* Begin PBXFrameworksBuildPhase section */
		498E05331B98362100B4E26B /* Frameworks */ = {
			isa = PBXFrameworksBuildPhase;
			buildActionMask = 2147483647;
			files = (
			);
			runOnlyForDeploymentPostprocessing = 0;
		};
		49EC39601B92FC7D002938E1 /* Frameworks */ = {
			isa = PBXFrameworksBuildPhase;
			buildActionMask = 2147483647;
			files = (
			);
			runOnlyForDeploymentPostprocessing = 0;
		};
		49EC396B1B92FC7D002938E1 /* Frameworks */ = {
			isa = PBXFrameworksBuildPhase;
			buildActionMask = 2147483647;
			files = (
				49EC396F1B92FC7D002938E1 /* Gaikan.framework in Frameworks */,
				0EF0EAFE0023971A300C153D /* Pods_GaikanTests.framework in Frameworks */,
			);
			runOnlyForDeploymentPostprocessing = 0;
		};
/* End PBXFrameworksBuildPhase section */

/* Begin PBXGroup section */
		15803E5EB5BEF15C26BCAFC6 /* Pods */ = {
			isa = PBXGroup;
			children = (
				072F4ED19647D336AD352F01 /* Pods-GaikanTests.debug.xcconfig */,
				187FEDA9974C0AEB357AAD43 /* Pods-GaikanTests.release.xcconfig */,
			);
			name = Pods;
			sourceTree = "<group>";
		};
		490AD3DA1BA1CD4A0078F2DB /* Style */ = {
			isa = PBXGroup;
			children = (
			);
			path = Style;
			sourceTree = "<group>";
		};
		490AD3DB1BA1CD4A0078F2DB /* View */ = {
			isa = PBXGroup;
			children = (
				49CA04DF1BA2C0EF00B61EAB /* LabelStyleRendererSpec.swift */,
				490AD3DC1BA1CD4A0078F2DB /* ViewStyleRendererSpec.swift */,
			);
			path = View;
			sourceTree = "<group>";
		};
		498E05371B98362100B4E26B /* Sample */ = {
			isa = PBXGroup;
			children = (
				498E05381B98362100B4E26B /* AppDelegate.swift */,
				498E053A1B98362100B4E26B /* ViewController.swift */,
				498E053C1B98362100B4E26B /* Main.storyboard */,
				498E053F1B98362100B4E26B /* Assets.xcassets */,
				498E05411B98362100B4E26B /* LaunchScreen.storyboard */,
				498E05441B98362100B4E26B /* Info.plist */,
			);
			path = Sample;
			sourceTree = "<group>";
		};
		49CF5F941BA4834B00216E6D /* Swift */ = {
			isa = PBXGroup;
			children = (
				49CF5F951BA4834B00216E6D /* Extension */,
			);
			path = Swift;
			sourceTree = "<group>";
		};
		49CF5F951BA4834B00216E6D /* Extension */ = {
			isa = PBXGroup;
			children = (
				49CF5F961BA4835800216E6D /* Dictionary.swift */,
			);
			path = Extension;
			sourceTree = "<group>";
		};
		49EC395A1B92FC7D002938E1 = {
			isa = PBXGroup;
			children = (
				49EC39661B92FC7D002938E1 /* Gaikan */,
				49EC39721B92FC7D002938E1 /* GaikanTests */,
				498E05371B98362100B4E26B /* Sample */,
				49EC39651B92FC7D002938E1 /* Products */,
				15803E5EB5BEF15C26BCAFC6 /* Pods */,
				E494329BB65FAF1563EC681F /* Frameworks */,
			);
			sourceTree = "<group>";
		};
		49EC39651B92FC7D002938E1 /* Products */ = {
			isa = PBXGroup;
			children = (
				49EC39641B92FC7D002938E1 /* Gaikan.framework */,
				49EC396E1B92FC7D002938E1 /* GaikanTests.xctest */,
				498E05361B98362100B4E26B /* Sample.app */,
			);
			name = Products;
			sourceTree = "<group>";
		};
		49EC39661B92FC7D002938E1 /* Gaikan */ = {
			isa = PBXGroup;
			children = (
				49EC39671B92FC7D002938E1 /* Gaikan.h */,
				49EC39691B92FC7D002938E1 /* Info.plist */,
				49EC397E1B92FF2F002938E1 /* Style */,
				49CF5F941BA4834B00216E6D /* Swift */,
				49EC39851B930517002938E1 /* View */,
			);
			path = Gaikan;
			sourceTree = "<group>";
		};
		49EC39721B92FC7D002938E1 /* GaikanTests */ = {
			isa = PBXGroup;
			children = (
				490AD3DA1BA1CD4A0078F2DB /* Style */,
				490AD3DB1BA1CD4A0078F2DB /* View */,
				49EC39731B92FC7D002938E1 /* GaikanTests.swift */,
				49EC39751B92FC7D002938E1 /* Info.plist */,
			);
			path = GaikanTests;
			sourceTree = "<group>";
		};
		49EC397E1B92FF2F002938E1 /* Style */ = {
			isa = PBXGroup;
			children = (
				49F3212C1B9A51AB009F1694 /* PropertyType */,
				49EC39921B9373B2002938E1 /* Stylable.swift */,
				49EC397F1B92FF48002938E1 /* StyleProperty.swift */,
				49EC398A1B93085E002938E1 /* StyleRule.swift */,
				49EC39811B9301E5002938E1 /* Stylesheet.swift */,
			);
			path = Style;
			sourceTree = "<group>";
		};
		49EC39851B930517002938E1 /* View */ = {
			isa = PBXGroup;
			children = (
				49EC39941B938027002938E1 /* UIViewStylableExtension.swift */,
				49EC39981B938218002938E1 /* ViewStyleRenderer.swift */,
				49E5147B1B9830A20030529C /* LabelStyleRenderer.swift */,
			);
			path = View;
			sourceTree = "<group>";
		};
		49F3212C1B9A51AB009F1694 /* PropertyType */ = {
			isa = PBXGroup;
			children = (
				49F3212D1B9A51B4009F1694 /* Border.swift */,
			);
			path = PropertyType;
			sourceTree = "<group>";
		};
		E494329BB65FAF1563EC681F /* Frameworks */ = {
			isa = PBXGroup;
			children = (
				4C02980E631EF22B39F30C2B /* Pods_GaikanTests.framework */,
			);
			name = Frameworks;
			sourceTree = "<group>";
		};
/* End PBXGroup section */

/* Begin PBXHeadersBuildPhase section */
		49EC39611B92FC7D002938E1 /* Headers */ = {
			isa = PBXHeadersBuildPhase;
			buildActionMask = 2147483647;
			files = (
				49EC39681B92FC7D002938E1 /* Gaikan.h in Headers */,
			);
			runOnlyForDeploymentPostprocessing = 0;
		};
/* End PBXHeadersBuildPhase section */

/* Begin PBXNativeTarget section */
		498E05351B98362100B4E26B /* Sample */ = {
			isa = PBXNativeTarget;
			buildConfigurationList = 498E05451B98362100B4E26B /* Build configuration list for PBXNativeTarget "Sample" */;
			buildPhases = (
				498E05321B98362100B4E26B /* Sources */,
				498E05331B98362100B4E26B /* Frameworks */,
				498E05341B98362100B4E26B /* Resources */,
			);
			buildRules = (
			);
			dependencies = (
				498E05491B98362800B4E26B /* PBXTargetDependency */,
			);
			name = Sample;
			productName = Sample;
			productReference = 498E05361B98362100B4E26B /* Sample.app */;
			productType = "com.apple.product-type.application";
		};
		49EC39631B92FC7D002938E1 /* Gaikan */ = {
			isa = PBXNativeTarget;
			buildConfigurationList = 49EC39781B92FC7D002938E1 /* Build configuration list for PBXNativeTarget "Gaikan" */;
			buildPhases = (
				49EC395F1B92FC7D002938E1 /* Sources */,
				49EC39601B92FC7D002938E1 /* Frameworks */,
				49EC39611B92FC7D002938E1 /* Headers */,
				49EC39621B92FC7D002938E1 /* Resources */,
			);
			buildRules = (
			);
			dependencies = (
			);
			name = Gaikan;
			productName = Gaikan;
			productReference = 49EC39641B92FC7D002938E1 /* Gaikan.framework */;
			productType = "com.apple.product-type.framework";
		};
		49EC396D1B92FC7D002938E1 /* GaikanTests */ = {
			isa = PBXNativeTarget;
			buildConfigurationList = 49EC397B1B92FC7D002938E1 /* Build configuration list for PBXNativeTarget "GaikanTests" */;
			buildPhases = (
				123FD52069215FCAFC6AAE92 /* Check Pods Manifest.lock */,
				49EC396A1B92FC7D002938E1 /* Sources */,
				49EC396B1B92FC7D002938E1 /* Frameworks */,
				49EC396C1B92FC7D002938E1 /* Resources */,
				771773397C81787EF18A059C /* Embed Pods Frameworks */,
				975DA8FF89EBAB2D54876EE8 /* Copy Pods Resources */,
			);
			buildRules = (
			);
			dependencies = (
				49EC39711B92FC7D002938E1 /* PBXTargetDependency */,
			);
			name = GaikanTests;
			productName = GaikanTests;
			productReference = 49EC396E1B92FC7D002938E1 /* GaikanTests.xctest */;
			productType = "com.apple.product-type.bundle.unit-test";
		};
/* End PBXNativeTarget section */

/* Begin PBXProject section */
		49EC395B1B92FC7D002938E1 /* Project object */ = {
			isa = PBXProject;
			attributes = {
				LastSwiftUpdateCheck = 0700;
				LastUpgradeCheck = 0700;
				ORGANIZATIONNAME = fr.akane;
				TargetAttributes = {
					498E05351B98362100B4E26B = {
						CreatedOnToolsVersion = 7.0;
					};
					49EC39631B92FC7D002938E1 = {
						CreatedOnToolsVersion = 7.0;
					};
					49EC396D1B92FC7D002938E1 = {
						CreatedOnToolsVersion = 7.0;
					};
				};
			};
			buildConfigurationList = 49EC395E1B92FC7D002938E1 /* Build configuration list for PBXProject "Gaikan" */;
			compatibilityVersion = "Xcode 3.2";
			developmentRegion = English;
			hasScannedForEncodings = 0;
			knownRegions = (
				en,
				Base,
			);
			mainGroup = 49EC395A1B92FC7D002938E1;
			productRefGroup = 49EC39651B92FC7D002938E1 /* Products */;
			projectDirPath = "";
			projectRoot = "";
			targets = (
				49EC39631B92FC7D002938E1 /* Gaikan */,
				49EC396D1B92FC7D002938E1 /* GaikanTests */,
				498E05351B98362100B4E26B /* Sample */,
			);
		};
/* End PBXProject section */

/* Begin PBXResourcesBuildPhase section */
		498E05341B98362100B4E26B /* Resources */ = {
			isa = PBXResourcesBuildPhase;
			buildActionMask = 2147483647;
			files = (
				498E05431B98362100B4E26B /* LaunchScreen.storyboard in Resources */,
				498E05401B98362100B4E26B /* Assets.xcassets in Resources */,
				498E053E1B98362100B4E26B /* Main.storyboard in Resources */,
			);
			runOnlyForDeploymentPostprocessing = 0;
		};
		49EC39621B92FC7D002938E1 /* Resources */ = {
			isa = PBXResourcesBuildPhase;
			buildActionMask = 2147483647;
			files = (
			);
			runOnlyForDeploymentPostprocessing = 0;
		};
		49EC396C1B92FC7D002938E1 /* Resources */ = {
			isa = PBXResourcesBuildPhase;
			buildActionMask = 2147483647;
			files = (
			);
			runOnlyForDeploymentPostprocessing = 0;
		};
/* End PBXResourcesBuildPhase section */

/* Begin PBXShellScriptBuildPhase section */
		123FD52069215FCAFC6AAE92 /* Check Pods Manifest.lock */ = {
			isa = PBXShellScriptBuildPhase;
			buildActionMask = 2147483647;
			files = (
			);
			inputPaths = (
			);
			name = "Check Pods Manifest.lock";
			outputPaths = (
			);
			runOnlyForDeploymentPostprocessing = 0;
			shellPath = /bin/sh;
			shellScript = "diff \"${PODS_ROOT}/../Podfile.lock\" \"${PODS_ROOT}/Manifest.lock\" > /dev/null\nif [[ $? != 0 ]] ; then\n    cat << EOM\nerror: The sandbox is not in sync with the Podfile.lock. Run 'pod install' or update your CocoaPods installation.\nEOM\n    exit 1\nfi\n";
			showEnvVarsInLog = 0;
		};
		771773397C81787EF18A059C /* Embed Pods Frameworks */ = {
			isa = PBXShellScriptBuildPhase;
			buildActionMask = 2147483647;
			files = (
			);
			inputPaths = (
			);
			name = "Embed Pods Frameworks";
			outputPaths = (
			);
			runOnlyForDeploymentPostprocessing = 0;
			shellPath = /bin/sh;
			shellScript = "\"${SRCROOT}/Pods/Target Support Files/Pods-GaikanTests/Pods-GaikanTests-frameworks.sh\"\n";
			showEnvVarsInLog = 0;
		};
		975DA8FF89EBAB2D54876EE8 /* Copy Pods Resources */ = {
			isa = PBXShellScriptBuildPhase;
			buildActionMask = 2147483647;
			files = (
			);
			inputPaths = (
			);
			name = "Copy Pods Resources";
			outputPaths = (
			);
			runOnlyForDeploymentPostprocessing = 0;
			shellPath = /bin/sh;
			shellScript = "\"${SRCROOT}/Pods/Target Support Files/Pods-GaikanTests/Pods-GaikanTests-resources.sh\"\n";
			showEnvVarsInLog = 0;
		};
/* End PBXShellScriptBuildPhase section */

/* Begin PBXSourcesBuildPhase section */
		498E05321B98362100B4E26B /* Sources */ = {
			isa = PBXSourcesBuildPhase;
			buildActionMask = 2147483647;
			files = (
				498E053B1B98362100B4E26B /* ViewController.swift in Sources */,
				498E05391B98362100B4E26B /* AppDelegate.swift in Sources */,
			);
			runOnlyForDeploymentPostprocessing = 0;
		};
		49EC395F1B92FC7D002938E1 /* Sources */ = {
			isa = PBXSourcesBuildPhase;
			buildActionMask = 2147483647;
			files = (
				49EC398B1B93085E002938E1 /* StyleRule.swift in Sources */,
				49EC39991B938218002938E1 /* ViewStyleRenderer.swift in Sources */,
				49EC39931B9373B2002938E1 /* Stylable.swift in Sources */,
				49E5147C1B9830A20030529C /* LabelStyleRenderer.swift in Sources */,
				49EC39801B92FF48002938E1 /* StyleProperty.swift in Sources */,
				49CF5F971BA4835800216E6D /* Dictionary.swift in Sources */,
				49F3212E1B9A51B4009F1694 /* Border.swift in Sources */,
				49EC39951B938027002938E1 /* UIViewStylableExtension.swift in Sources */,
				49EC39821B9301E5002938E1 /* Stylesheet.swift in Sources */,
			);
			runOnlyForDeploymentPostprocessing = 0;
		};
		49EC396A1B92FC7D002938E1 /* Sources */ = {
			isa = PBXSourcesBuildPhase;
			buildActionMask = 2147483647;
			files = (
				49CA04E01BA2C0EF00B61EAB /* LabelStyleRendererSpec.swift in Sources */,
				490AD3DD1BA1CD4A0078F2DB /* ViewStyleRendererSpec.swift in Sources */,
				49EC39741B92FC7D002938E1 /* GaikanTests.swift in Sources */,
			);
			runOnlyForDeploymentPostprocessing = 0;
		};
/* End PBXSourcesBuildPhase section */

/* Begin PBXTargetDependency section */
		498E05491B98362800B4E26B /* PBXTargetDependency */ = {
			isa = PBXTargetDependency;
			target = 49EC39631B92FC7D002938E1 /* Gaikan */;
			targetProxy = 498E05481B98362800B4E26B /* PBXContainerItemProxy */;
		};
		49EC39711B92FC7D002938E1 /* PBXTargetDependency */ = {
			isa = PBXTargetDependency;
			target = 49EC39631B92FC7D002938E1 /* Gaikan */;
			targetProxy = 49EC39701B92FC7D002938E1 /* PBXContainerItemProxy */;
		};
/* End PBXTargetDependency section */

/* Begin PBXVariantGroup section */
		498E053C1B98362100B4E26B /* Main.storyboard */ = {
			isa = PBXVariantGroup;
			children = (
				498E053D1B98362100B4E26B /* Base */,
			);
			name = Main.storyboard;
			sourceTree = "<group>";
		};
		498E05411B98362100B4E26B /* LaunchScreen.storyboard */ = {
			isa = PBXVariantGroup;
			children = (
				498E05421B98362100B4E26B /* Base */,
			);
			name = LaunchScreen.storyboard;
			sourceTree = "<group>";
		};
/* End PBXVariantGroup section */

/* Begin XCBuildConfiguration section */
		498E05461B98362100B4E26B /* Debug */ = {
			isa = XCBuildConfiguration;
			buildSettings = {
				ASSETCATALOG_COMPILER_APPICON_NAME = AppIcon;
				INFOPLIST_FILE = Sample/Info.plist;
				IPHONEOS_DEPLOYMENT_TARGET = 9.0;
				LD_RUNPATH_SEARCH_PATHS = "$(inherited) @executable_path/Frameworks";
				PRODUCT_BUNDLE_IDENTIFIER = Akane.Sample;
				PRODUCT_NAME = "$(TARGET_NAME)";
			};
			name = Debug;
		};
		498E05471B98362100B4E26B /* Release */ = {
			isa = XCBuildConfiguration;
			buildSettings = {
				ASSETCATALOG_COMPILER_APPICON_NAME = AppIcon;
				INFOPLIST_FILE = Sample/Info.plist;
				IPHONEOS_DEPLOYMENT_TARGET = 9.0;
				LD_RUNPATH_SEARCH_PATHS = "$(inherited) @executable_path/Frameworks";
				PRODUCT_BUNDLE_IDENTIFIER = Akane.Sample;
				PRODUCT_NAME = "$(TARGET_NAME)";
			};
			name = Release;
		};
		49EC39761B92FC7D002938E1 /* Debug */ = {
			isa = XCBuildConfiguration;
			buildSettings = {
				ALWAYS_SEARCH_USER_PATHS = NO;
				CLANG_CXX_LANGUAGE_STANDARD = "gnu++0x";
				CLANG_CXX_LIBRARY = "libc++";
				CLANG_ENABLE_MODULES = YES;
				CLANG_ENABLE_OBJC_ARC = YES;
				CLANG_WARN_BOOL_CONVERSION = YES;
				CLANG_WARN_CONSTANT_CONVERSION = YES;
				CLANG_WARN_DIRECT_OBJC_ISA_USAGE = YES_ERROR;
				CLANG_WARN_EMPTY_BODY = YES;
				CLANG_WARN_ENUM_CONVERSION = YES;
				CLANG_WARN_INT_CONVERSION = YES;
				CLANG_WARN_OBJC_ROOT_CLASS = YES_ERROR;
				CLANG_WARN_UNREACHABLE_CODE = YES;
				CLANG_WARN__DUPLICATE_METHOD_MATCH = YES;
				"CODE_SIGN_IDENTITY[sdk=iphoneos*]" = "iPhone Developer";
				COPY_PHASE_STRIP = NO;
				CURRENT_PROJECT_VERSION = 1;
				DEBUG_INFORMATION_FORMAT = dwarf;
				ENABLE_STRICT_OBJC_MSGSEND = YES;
				ENABLE_TESTABILITY = YES;
				GCC_C_LANGUAGE_STANDARD = gnu99;
				GCC_DYNAMIC_NO_PIC = NO;
				GCC_NO_COMMON_BLOCKS = YES;
				GCC_OPTIMIZATION_LEVEL = 0;
				GCC_PREPROCESSOR_DEFINITIONS = (
					"DEBUG=1",
					"$(inherited)",
				);
				GCC_WARN_64_TO_32_BIT_CONVERSION = YES;
				GCC_WARN_ABOUT_RETURN_TYPE = YES_ERROR;
				GCC_WARN_UNDECLARED_SELECTOR = YES;
				GCC_WARN_UNINITIALIZED_AUTOS = YES_AGGRESSIVE;
				GCC_WARN_UNUSED_FUNCTION = YES;
				GCC_WARN_UNUSED_VARIABLE = YES;
				IPHONEOS_DEPLOYMENT_TARGET = 8.0;
				MTL_ENABLE_DEBUG_INFO = YES;
				ONLY_ACTIVE_ARCH = YES;
				SDKROOT = iphoneos;
				SWIFT_OPTIMIZATION_LEVEL = "-Onone";
				TARGETED_DEVICE_FAMILY = "1,2";
				VERSIONING_SYSTEM = "apple-generic";
				VERSION_INFO_PREFIX = "";
			};
			name = Debug;
		};
		49EC39771B92FC7D002938E1 /* Release */ = {
			isa = XCBuildConfiguration;
			buildSettings = {
				ALWAYS_SEARCH_USER_PATHS = NO;
				CLANG_CXX_LANGUAGE_STANDARD = "gnu++0x";
				CLANG_CXX_LIBRARY = "libc++";
				CLANG_ENABLE_MODULES = YES;
				CLANG_ENABLE_OBJC_ARC = YES;
				CLANG_WARN_BOOL_CONVERSION = YES;
				CLANG_WARN_CONSTANT_CONVERSION = YES;
				CLANG_WARN_DIRECT_OBJC_ISA_USAGE = YES_ERROR;
				CLANG_WARN_EMPTY_BODY = YES;
				CLANG_WARN_ENUM_CONVERSION = YES;
				CLANG_WARN_INT_CONVERSION = YES;
				CLANG_WARN_OBJC_ROOT_CLASS = YES_ERROR;
				CLANG_WARN_UNREACHABLE_CODE = YES;
				CLANG_WARN__DUPLICATE_METHOD_MATCH = YES;
				"CODE_SIGN_IDENTITY[sdk=iphoneos*]" = "iPhone Developer";
				COPY_PHASE_STRIP = NO;
				CURRENT_PROJECT_VERSION = 1;
				DEBUG_INFORMATION_FORMAT = "dwarf-with-dsym";
				ENABLE_NS_ASSERTIONS = NO;
				ENABLE_STRICT_OBJC_MSGSEND = YES;
				GCC_C_LANGUAGE_STANDARD = gnu99;
				GCC_NO_COMMON_BLOCKS = YES;
				GCC_WARN_64_TO_32_BIT_CONVERSION = YES;
				GCC_WARN_ABOUT_RETURN_TYPE = YES_ERROR;
				GCC_WARN_UNDECLARED_SELECTOR = YES;
				GCC_WARN_UNINITIALIZED_AUTOS = YES_AGGRESSIVE;
				GCC_WARN_UNUSED_FUNCTION = YES;
				GCC_WARN_UNUSED_VARIABLE = YES;
				IPHONEOS_DEPLOYMENT_TARGET = 8.0;
				MTL_ENABLE_DEBUG_INFO = NO;
				SDKROOT = iphoneos;
				TARGETED_DEVICE_FAMILY = "1,2";
				VALIDATE_PRODUCT = YES;
				VERSIONING_SYSTEM = "apple-generic";
				VERSION_INFO_PREFIX = "";
			};
			name = Release;
		};
		49EC39791B92FC7D002938E1 /* Debug */ = {
			isa = XCBuildConfiguration;
			buildSettings = {
				CLANG_ENABLE_MODULES = YES;
				DEFINES_MODULE = YES;
				DYLIB_COMPATIBILITY_VERSION = 1;
				DYLIB_CURRENT_VERSION = 1;
				DYLIB_INSTALL_NAME_BASE = "@rpath";
				INFOPLIST_FILE = Gaikan/Info.plist;
				INSTALL_PATH = "$(LOCAL_LIBRARY_DIR)/Frameworks";
				LD_RUNPATH_SEARCH_PATHS = "$(inherited) @executable_path/Frameworks @loader_path/Frameworks";
				PRODUCT_BUNDLE_IDENTIFIER = Akane.Gaikan;
				PRODUCT_NAME = "$(TARGET_NAME)";
				SKIP_INSTALL = YES;
				SWIFT_OPTIMIZATION_LEVEL = "-Onone";
			};
			name = Debug;
		};
		49EC397A1B92FC7D002938E1 /* Release */ = {
			isa = XCBuildConfiguration;
			buildSettings = {
				CLANG_ENABLE_MODULES = YES;
				DEFINES_MODULE = YES;
				DYLIB_COMPATIBILITY_VERSION = 1;
				DYLIB_CURRENT_VERSION = 1;
				DYLIB_INSTALL_NAME_BASE = "@rpath";
				INFOPLIST_FILE = Gaikan/Info.plist;
				INSTALL_PATH = "$(LOCAL_LIBRARY_DIR)/Frameworks";
				LD_RUNPATH_SEARCH_PATHS = "$(inherited) @executable_path/Frameworks @loader_path/Frameworks";
				PRODUCT_BUNDLE_IDENTIFIER = Akane.Gaikan;
				PRODUCT_NAME = "$(TARGET_NAME)";
				SKIP_INSTALL = YES;
			};
			name = Release;
		};
		49EC397C1B92FC7D002938E1 /* Debug */ = {
			isa = XCBuildConfiguration;
			baseConfigurationReference = 072F4ED19647D336AD352F01 /* Pods-GaikanTests.debug.xcconfig */;
			buildSettings = {
				INFOPLIST_FILE = GaikanTests/Info.plist;
				LD_RUNPATH_SEARCH_PATHS = "$(inherited) @executable_path/Frameworks @loader_path/Frameworks";
				PRODUCT_BUNDLE_IDENTIFIER = Akane.GaikanTests;
				PRODUCT_NAME = "$(TARGET_NAME)";
			};
			name = Debug;
		};
		49EC397D1B92FC7D002938E1 /* Release */ = {
			isa = XCBuildConfiguration;
			baseConfigurationReference = 187FEDA9974C0AEB357AAD43 /* Pods-GaikanTests.release.xcconfig */;
			buildSettings = {
				INFOPLIST_FILE = GaikanTests/Info.plist;
				LD_RUNPATH_SEARCH_PATHS = "$(inherited) @executable_path/Frameworks @loader_path/Frameworks";
				PRODUCT_BUNDLE_IDENTIFIER = Akane.GaikanTests;
				PRODUCT_NAME = "$(TARGET_NAME)";
			};
			name = Release;
		};
/* End XCBuildConfiguration section */

/* Begin XCConfigurationList section */
		498E05451B98362100B4E26B /* Build configuration list for PBXNativeTarget "Sample" */ = {
			isa = XCConfigurationList;
			buildConfigurations = (
				498E05461B98362100B4E26B /* Debug */,
				498E05471B98362100B4E26B /* Release */,
			);
			defaultConfigurationIsVisible = 0;
			defaultConfigurationName = Release;
		};
		49EC395E1B92FC7D002938E1 /* Build configuration list for PBXProject "Gaikan" */ = {
			isa = XCConfigurationList;
			buildConfigurations = (
				49EC39761B92FC7D002938E1 /* Debug */,
				49EC39771B92FC7D002938E1 /* Release */,
			);
			defaultConfigurationIsVisible = 0;
			defaultConfigurationName = Release;
		};
		49EC39781B92FC7D002938E1 /* Build configuration list for PBXNativeTarget "Gaikan" */ = {
			isa = XCConfigurationList;
			buildConfigurations = (
				49EC39791B92FC7D002938E1 /* Debug */,
				49EC397A1B92FC7D002938E1 /* Release */,
			);
			defaultConfigurationIsVisible = 0;
			defaultConfigurationName = Release;
		};
		49EC397B1B92FC7D002938E1 /* Build configuration list for PBXNativeTarget "GaikanTests" */ = {
			isa = XCConfigurationList;
			buildConfigurations = (
				49EC397C1B92FC7D002938E1 /* Debug */,
				49EC397D1B92FC7D002938E1 /* Release */,
			);
			defaultConfigurationIsVisible = 0;
			defaultConfigurationName = Release;
		};
/* End XCConfigurationList section */
	};
	rootObject = 49EC395B1B92FC7D002938E1 /* Project object */;
}
